
Microsoft Visual Studio Solution File, Format Version 12.00
# Visual Studio Version 17
VisualStudioVersion = 17.0.31903.59
MinimumVisualStudioVersion = 10.0.40219.1
Project("{2150E333-8FDC-42A3-9474-1A3956D46DE8}") = "src", "src", "{827E0CD3-B72D-47B6-A68D-7590B98EB39B}"
EndProject
Project("{FAE04EC0-301F-11D3-BF4B-00C04F79EFBC}") = "PresentationRemote.Core", "src\PresentationRemote.Core\PresentationRemote.Core.csproj", "{402278E1-2161-4034-9EB7-957E8BA7343E}"
EndProject
Project("{FAE04EC0-301F-11D3-BF4B-00C04F79EFBC}") = "PresentationRemote", "src\PresentationRemote\PresentationRemote.csproj", "{6F5D7070-0D88-412D-BE36-187039D25A4A}"
EndProject
Project("{2150E333-8FDC-42A3-9474-1A3956D46DE8}") = "tests", "tests", "{0AB3BF05-4346-4AA6-1389-037BE0695223}"
EndProject
Project("{FAE04EC0-301F-11D3-BF4B-00C04F79EFBC}") = "PresentationRemote.Tests", "tests\PresentationRemote.Tests\PresentationRemote.Tests.csproj", "{27B92C4E-CF11-4875-A939-213BCD4BA064}"
EndProject
Global
	GlobalSection(SolutionConfigurationPlatforms) = preSolution
		Debug|Any CPU = Debug|Any CPU
		Debug|x64 = Debug|x64
		Debug|x86 = Debug|x86
		Release|Any CPU = Release|Any CPU
		Release|x64 = Release|x64
		Release|x86 = Release|x86
	EndGlobalSection
	GlobalSection(ProjectConfigurationPlatforms) = postSolution
		{402278E1-2161-4034-9EB7-957E8BA7343E}.Debug|Any CPU.ActiveCfg = Debug|Any CPU
		{402278E1-2161-4034-9EB7-957E8BA7343E}.Debug|Any CPU.Build.0 = Debug|Any CPU
		{402278E1-2161-4034-9EB7-957E8BA7343E}.Debug|x64.ActiveCfg = Debug|Any CPU
		{402278E1-2161-4034-9EB7-957E8BA7343E}.Debug|x64.Build.0 = Debug|Any CPU
		{402278E1-2161-4034-9EB7-957E8BA7343E}.Debug|x86.ActiveCfg = Debug|Any CPU
		{402278E1-2161-4034-9EB7-957E8BA7343E}.Debug|x86.Build.0 = Debug|Any CPU
		{402278E1-2161-4034-9EB7-957E8BA7343E}.Release|Any CPU.ActiveCfg = Release|Any CPU
		{402278E1-2161-4034-9EB7-957E8BA7343E}.Release|Any CPU.Build.0 = Release|Any CPU
		{402278E1-2161-4034-9EB7-957E8BA7343E}.Release|x64.ActiveCfg = Release|Any CPU
		{402278E1-2161-4034-9EB7-957E8BA7343E}.Release|x64.Build.0 = Release|Any CPU
		{402278E1-2161-4034-9EB7-957E8BA7343E}.Release|x86.ActiveCfg = Release|Any CPU
		{402278E1-2161-4034-9EB7-957E8BA7343E}.Release|x86.Build.0 = Release|Any CPU
		{6F5D7070-0D88-412D-BE36-187039D25A4A}.Debug|Any CPU.ActiveCfg = Debug|Any CPU
		{6F5D7070-0D88-412D-BE36-187039D25A4A}.Debug|Any CPU.Build.0 = Debug|Any CPU
		{6F5D7070-0D88-412D-BE36-187039D25A4A}.Debug|x64.ActiveCfg = Debug|Any CPU
		{6F5D7070-0D88-412D-BE36-187039D25A4A}.Debug|x64.Build.0 = Debug|Any CPU
		{6F5D7070-0D88-412D-BE36-187039D25A4A}.Debug|x86.ActiveCfg = Debug|Any CPU
		{6F5D7070-0D88-412D-BE36-187039D25A4A}.Debug|x86.Build.0 = Debug|Any CPU
		{6F5D7070-0D88-412D-BE36-187039D25A4A}.Release|Any CPU.ActiveCfg = Release|Any CPU
		{6F5D7070-0D88-412D-BE36-187039D25A4A}.Release|Any CPU.Build.0 = Release|Any CPU
		{6F5D7070-0D88-412D-BE36-187039D25A4A}.Release|x64.ActiveCfg = Release|Any CPU
		{6F5D7070-0D88-412D-BE36-187039D25A4A}.Release|x64.Build.0 = Release|Any CPU
		{6F5D7070-0D88-412D-BE36-187039D25A4A}.Release|x86.ActiveCfg = Release|Any CPU
		{6F5D7070-0D88-412D-BE36-187039D25A4A}.Release|x86.Build.0 = Release|Any CPU
		{27B92C4E-CF11-4875-A939-213BCD4BA064}.Debug|Any CPU.ActiveCfg = Debug|Any CPU
		{27B92C4E-CF11-4875-A939-213BCD4BA064}.Debug|Any CPU.Build.0 = Debug|Any CPU
		{27B92C4E-CF11-4875-A939-213BCD4BA064}.Debug|x64.ActiveCfg = Debug|Any CPU
		{27B92C4E-CF11-4875-A939-213BCD4BA064}.Debug|x64.Build.0 = Debug|Any CPU
		{27B92C4E-CF11-4875-A939-213BCD4BA064}.Debug|x86.ActiveCfg = Debug|Any CPU
		{27B92C4E-CF11-4875-A939-213BCD4BA064}.Debug|x86.Build.0 = Debug|Any CPU
		{27B92C4E-CF11-4875-A939-213BCD4BA064}.Release|Any CPU.ActiveCfg = Release|Any CPU
		{27B92C4E-CF11-4875-A939-213BCD4BA064}.Release|Any CPU.Build.0 = Release|Any CPU
		{27B92C4E-CF11-4875-A939-213BCD4BA064}.Release|x64.ActiveCfg = Release|Any CPU
		{27B92C4E-CF11-4875-A939-213BCD4BA064}.Release|x64.Build.0 = Release|Any CPU
		{27B92C4E-CF11-4875-A939-213BCD4BA064}.Release|x86.ActiveCfg = Release|Any CPU
		{27B92C4E-CF11-4875-A939-213BCD4BA064}.Release|x86.Build.0 = Release|Any CPU
	EndGlobalSection
	GlobalSection(SolutionProperties) = preSolution
		HideSolutionNode = FALSE
	EndGlobalSection
	GlobalSection(NestedProjects) = preSolution
		{402278E1-2161-4034-9EB7-957E8BA7343E} = {827E0CD3-B72D-47B6-A68D-7590B98EB39B}
		{6F5D7070-0D88-412D-BE36-187039D25A4A} = {827E0CD3-B72D-47B6-A68D-7590B98EB39B}
		{27B92C4E-CF11-4875-A939-213BCD4BA064} = {0AB3BF05-4346-4AA6-1389-037BE0695223}
	EndGlobalSection
EndGlobal
